
Microsoft Visual Studio Solution File, Format Version 12.00
# Visual Studio 15
VisualStudioVersion = 15.0.28307.902
MinimumVisualStudioVersion = 10.0.40219.1
Project("{FAE04EC0-301F-11D3-BF4B-00C04F79EFBC}") = "LicenseManagerExample", "LicenseManagerExample\LicenseManagerExample.csproj", "{08A125B6-1D72-4095-827E-6F6E6A7731AD}"
EndProject
Global
	GlobalSection(SolutionConfigurationPlatforms) = preSolution
		Debug|Any CPU = Debug|Any CPU
		Release|Any CPU = Release|Any CPU
	EndGlobalSection
	GlobalSection(ProjectConfigurationPlatforms) = postSolution
		{08A125B6-1D72-4095-827E-6F6E6A7731AD}.Debug|Any CPU.ActiveCfg = Debug|Any CPU
		{08A125B6-1D72-4095-827E-6F6E6A7731AD}.Debug|Any CPU.Build.0 = Debug|Any CPU
		{08A125B6-1D72-4095-827E-6F6E6A7731AD}.Release|Any CPU.ActiveCfg = Release|Any CPU
		{08A125B6-1D72-4095-827E-6F6E6A7731AD}.Release|Any CPU.Build.0 = Release|Any CPU
	EndGlobalSection
	GlobalSection(SolutionProperties) = preSolution
		HideSolutionNode = FALSE
	EndGlobalSection
	GlobalSection(ExtensibilityGlobals) = postSolution
		SolutionGuid = {253BC57B-8FB7-40DD-971D-6945EAB9875D}
	EndGlobalSection
EndGlobal
